{
  "name": "basecred-sdk-skill",
  "version": "1.0.1",
  "lockfileVersion": 3,
  "requires": true,
  "packages": {
    "": {
      "name": "basecred-sdk-skill",
      "version": "1.0.1",
      "license": "MIT",
      "dependencies": {
        "@basecred/sdk": "^0.6.2",
        "dotenv": "^16.3.1"
      },
      "engines": {
        "node": ">=18"
      }
    },
    "node_modules/@basecred/sdk": {
      "version": "0.6.2",
      "resolved": "https://registry.npmjs.org/@basecred/sdk/-/sdk-0.6.2.tgz",
      "integrity": "sha512-scq9qSb1mhXaZKNgPsE9YKDVCOgAl8Og3UEwwp+sAVZSDZYyGQLD6tgVLEarygAl98aw/XR3wvx7rs/ekL+PfA==",
      "license": "MIT",
      "engines": {
        "node": ">=18"
      }
    },
    "node_modules/dotenv": {
      "version": "16.6.1",
      "resolved": "https://registry.npmjs.org/dotenv/-/dotenv-16.6.1.tgz",
      "integrity": "sha512-uBq4egWHTcTt33a72vpSG0z3HnPuIl6NqYcTrKEg2azoEyl2hpW0zqlxysq2pK9HlDIHyHyakeYaYnSAwd8bow==",
      "license": "BSD-2-Clause",
      "engines": {
        "node": ">=12"
      },
      "funding": {
        "url": "https://dotenvx.com"
      }
    }
  }
}
